
Microsoft Visual Studio Solution File, Format Version 12.00
# Visual Studio Version 17
VisualStudioVersion = 17.5.33627.172
MinimumVisualStudioVersion = 10.0.40219.1
Project("{9A19103F-16F7-4668-BE54-9A1E7A4F7556}") = "RWS.WordsSlotMachine", "RWS.WordsSlotMachine\RWS.WordsSlotMachine.csproj", "{165097AE-EC70-4DA9-AD37-F27C71492EB0}"
EndProject
Project("{9A19103F-16F7-4668-BE54-9A1E7A4F7556}") = "RWS.WordsSlotMachine.Tests", "RWS.WordsSlotMachine.Tests\RWS.WordsSlotMachine.Tests.csproj", "{56B14898-28F2-432E-BA5E-3F957D962D55}"
EndProject
Global
	GlobalSection(SolutionConfigurationPlatforms) = preSolution
		Debug|Any CPU = Debug|Any CPU
		Release|Any CPU = Release|Any CPU
	EndGlobalSection
	GlobalSection(ProjectConfigurationPlatforms) = postSolution
		{165097AE-EC70-4DA9-AD37-F27C71492EB0}.Debug|Any CPU.ActiveCfg = Debug|Any CPU
		{165097AE-EC70-4DA9-AD37-F27C71492EB0}.Debug|Any CPU.Build.0 = Debug|Any CPU
		{165097AE-EC70-4DA9-AD37-F27C71492EB0}.Release|Any CPU.ActiveCfg = Release|Any CPU
		{165097AE-EC70-4DA9-AD37-F27C71492EB0}.Release|Any CPU.Build.0 = Release|Any CPU
		{56B14898-28F2-432E-BA5E-3F957D962D55}.Debug|Any CPU.ActiveCfg = Debug|Any CPU
		{56B14898-28F2-432E-BA5E-3F957D962D55}.Debug|Any CPU.Build.0 = Debug|Any CPU
		{56B14898-28F2-432E-BA5E-3F957D962D55}.Release|Any CPU.ActiveCfg = Release|Any CPU
		{56B14898-28F2-432E-BA5E-3F957D962D55}.Release|Any CPU.Build.0 = Release|Any CPU
	EndGlobalSection
	GlobalSection(SolutionProperties) = preSolution
		HideSolutionNode = FALSE
	EndGlobalSection
	GlobalSection(ExtensibilityGlobals) = postSolution
		SolutionGuid = {8199A218-3F22-47EF-A9BB-E898DF093117}
	EndGlobalSection
EndGlobal
